// !$*UTF8*$!
{
	archiveVersion = 1;
	classes = {
	};
	objectVersion = 50;
	objects = {

/* Begin PBXBuildFile section */
		656DDFCD25FC314F000AE003 /* AppDelegate.swift in Sources */ = {isa = PBXBuildFile; fileRef = 656DDFCC25FC314F000AE003 /* AppDelegate.swift */; };
		656DDFCF25FC314F000AE003 /* SceneDelegate.swift in Sources */ = {isa = PBXBuildFile; fileRef = 656DDFCE25FC314F000AE003 /* SceneDelegate.swift */; };
		656DDFD125FC314F000AE003 /* ViewController.swift in Sources */ = {isa = PBXBuildFile; fileRef = 656DDFD025FC314F000AE003 /* ViewController.swift */; };
		656DDFD425FC314F000AE003 /* Main.storyboard in Resources */ = {isa = PBXBuildFile; fileRef = 656DDFD225FC314F000AE003 /* Main.storyboard */; };
		656DDFD625FC3155000AE003 /* Assets.xcassets in Resources */ = {isa = PBXBuildFile; fileRef = 656DDFD525FC3155000AE003 /* Assets.xcassets */; };
		656DDFD925FC3155000AE003 /* LaunchScreen.storyboard in Resources */ = {isa = PBXBuildFile; fileRef = 656DDFD725FC3155000AE003 /* LaunchScreen.storyboard */; };
		656DDFE725FC5474000AE003 /* Sharif.mp3 in Resources */ = {isa = PBXBuildFile; fileRef = 656DDFE425FC5474000AE003 /* Sharif.mp3 */; };
		656DDFE825FC5474000AE003 /* Chojin.mp3 in Resources */ = {isa = PBXBuildFile; fileRef = 656DDFE525FC5474000AE003 /* Chojin.mp3 */; };
		656DDFE925FC5474000AE003 /* Tote.mp3 in Resources */ = {isa = PBXBuildFile; fileRef = 656DDFE625FC5474000AE003 /* Tote.mp3 */; };
		656DDFF125FC6AB0000AE003 /* Song.swift in Sources */ = {isa = PBXBuildFile; fileRef = 656DDFF025FC6AB0000AE003 /* Song.swift */; };
/* End PBXBuildFile section */

/* Begin PBXFileReference section */
		656DDFC925FC314F000AE003 /* Reproductor.app */ = {isa = PBXFileReference; explicitFileType = wrapper.application; includeInIndex = 0; path = Reproductor.app; sourceTree = BUILT_PRODUCTS_DIR; };
		656DDFCC25FC314F000AE003 /* AppDelegate.swift */ = {isa = PBXFileReference; lastKnownFileType = sourcecode.swift; path = AppDelegate.swift; sourceTree = "<group>"; };
		656DDFCE25FC314F000AE003 /* SceneDelegate.swift */ = {isa = PBXFileReference; lastKnownFileType = sourcecode.swift; path = SceneDelegate.swift; sourceTree = "<group>"; };
		656DDFD025FC314F000AE003 /* ViewController.swift */ = {isa = PBXFileReference; lastKnownFileType = sourcecode.swift; path = ViewController.swift; sourceTree = "<group>"; };
		656DDFD325FC314F000AE003 /* Base */ = {isa = PBXFileReference; lastKnownFileType = file.storyboard; name = Base; path = Base.lproj/Main.storyboard; sourceTree = "<group>"; };
		656DDFD525FC3155000AE003 /* Assets.xcassets */ = {isa = PBXFileReference; lastKnownFileType = folder.assetcatalog; path = Assets.xcassets; sourceTree = "<group>"; };
		656DDFD825FC3155000AE003 /* Base */ = {isa = PBXFileReference; lastKnownFileType = file.storyboard; name = Base; path = Base.lproj/LaunchScreen.storyboard; sourceTree = "<group>"; };
		656DDFDA25FC3155000AE003 /* Info.plist */ = {isa = PBXFileReference; lastKnownFileType = text.plist.xml; path = Info.plist; sourceTree = "<group>"; };
		656DDFE425FC5474000AE003 /* Sharif.mp3 */ = {isa = PBXFileReference; lastKnownFileType = audio.mp3; path = Sharif.mp3; sourceTree = "<group>"; };
		656DDFE525FC5474000AE003 /* Chojin.mp3 */ = {isa = PBXFileReference; lastKnownFileType = audio.mp3; path = Chojin.mp3; sourceTree = "<group>"; };
		656DDFE625FC5474000AE003 /* Tote.mp3 */ = {isa = PBXFileReference; lastKnownFileType = audio.mp3; path = Tote.mp3; sourceTree = "<group>"; };
		656DDFF025FC6AB0000AE003 /* Song.swift */ = {isa = PBXFileReference; lastKnownFileType = sourcecode.swift; path = Song.swift; sourceTree = "<group>"; };
/* End PBXFileReference section */

/* Begin PBXFrameworksBuildPhase section */
		656DDFC625FC314F000AE003 /* Frameworks */ = {
			isa = PBXFrameworksBuildPhase;
			buildActionMask = 2147483647;
			files = (
			);
			runOnlyForDeploymentPostprocessing = 0;
		};
/* End PBXFrameworksBuildPhase section */

/* Begin PBXGroup section */
		656DDFC025FC314F000AE003 = {
			isa = PBXGroup;
			children = (
				656DDFCB25FC314F000AE003 /* Reproductor */,
				656DDFCA25FC314F000AE003 /* Products */,
			);
			sourceTree = "<group>";
		};
		656DDFCA25FC314F000AE003 /* Products */ = {
			isa = PBXGroup;
			children = (
				656DDFC925FC314F000AE003 /* Reproductor.app */,
			);
			name = Products;
			sourceTree = "<group>";
		};
		656DDFCB25FC314F000AE003 /* Reproductor */ = {
			isa = PBXGroup;
			children = (
				656DDFE325FC5447000AE003 /* Songs */,
				656DDFCC25FC314F000AE003 /* AppDelegate.swift */,
				656DDFCE25FC314F000AE003 /* SceneDelegate.swift */,
				656DDFD025FC314F000AE003 /* ViewController.swift */,
				656DDFD225FC314F000AE003 /* Main.storyboard */,
				656DDFD525FC3155000AE003 /* Assets.xcassets */,
				656DDFD725FC3155000AE003 /* LaunchScreen.storyboard */,
				656DDFDA25FC3155000AE003 /* Info.plist */,
				656DDFF025FC6AB0000AE003 /* Song.swift */,
			);
			path = Reproductor;
			sourceTree = "<group>";
		};
		656DDFE325FC5447000AE003 /* Songs */ = {
			isa = PBXGroup;
			children = (
				656DDFE525FC5474000AE003 /* Chojin.mp3 */,
				656DDFE425FC5474000AE003 /* Sharif.mp3 */,
				656DDFE625FC5474000AE003 /* Tote.mp3 */,
			);
			path = Songs;
			sourceTree = "<group>";
		};
/* End PBXGroup section */

/* Begin PBXNativeTarget section */
		656DDFC825FC314F000AE003 /* Reproductor */ = {
			isa = PBXNativeTarget;
			buildConfigurationList = 656DDFDD25FC3155000AE003 /* Build configuration list for PBXNativeTarget "Reproductor" */;
			buildPhases = (
				656DDFC525FC314F000AE003 /* Sources */,
				656DDFC625FC314F000AE003 /* Frameworks */,
				656DDFC725FC314F000AE003 /* Resources */,
			);
			buildRules = (
			);
			dependencies = (
			);
			name = Reproductor;
			productName = Reproductor;
			productReference = 656DDFC925FC314F000AE003 /* Reproductor.app */;
			productType = "com.apple.product-type.application";
		};
/* End PBXNativeTarget section */

/* Begin PBXProject section */
		656DDFC125FC314F000AE003 /* Project object */ = {
			isa = PBXProject;
			attributes = {
				LastSwiftUpdateCheck = 1230;
				LastUpgradeCheck = 1230;
				TargetAttributes = {
					656DDFC825FC314F000AE003 = {
						CreatedOnToolsVersion = 12.3;
					};
				};
			};
			buildConfigurationList = 656DDFC425FC314F000AE003 /* Build configuration list for PBXProject "Reproductor" */;
			compatibilityVersion = "Xcode 9.3";
			developmentRegion = en;
			hasScannedForEncodings = 0;
			knownRegions = (
				en,
				Base,
			);
			mainGroup = 656DDFC025FC314F000AE003;
			productRefGroup = 656DDFCA25FC314F000AE003 /* Products */;
			projectDirPath = "";
			projectRoot = "";
			targets = (
				656DDFC825FC314F000AE003 /* Reproductor */,
			);
		};
/* End PBXProject section */

/* Begin PBXResourcesBuildPhase section */
		656DDFC725FC314F000AE003 /* Resources */ = {
			isa = PBXResourcesBuildPhase;
			buildActionMask = 2147483647;
			files = (
				656DDFE925FC5474000AE003 /* Tote.mp3 in Resources */,
				656DDFD925FC3155000AE003 /* LaunchScreen.storyboard in Resources */,
				656DDFE725FC5474000AE003 /* Sharif.mp3 in Resources */,
				656DDFE825FC5474000AE003 /* Chojin.mp3 in Resources */,
				656DDFD625FC3155000AE003 /* Assets.xcassets in Resources */,
				656DDFD425FC314F000AE003 /* Main.storyboard in Resources */,
			);
			runOnlyForDeploymentPostprocessing = 0;
		};
/* End PBXResourcesBuildPhase section */

/* Begin PBXSourcesBuildPhase section */
		656DDFC525FC314F000AE003 /* Sources */ = {
			isa = PBXSourcesBuildPhase;
			buildActionMask = 2147483647;
			files = (
				656DDFF125FC6AB0000AE003 /* Song.swift in Sources */,
				656DDFD125FC314F000AE003 /* ViewController.swift in Sources */,
				656DDFCD25FC314F000AE003 /* AppDelegate.swift in Sources */,
				656DDFCF25FC314F000AE003 /* SceneDelegate.swift in Sources */,
			);
			runOnlyForDeploymentPostprocessing = 0;
		};
/* End PBXSourcesBuildPhase section */

/* Begin PBXVariantGroup section */
		656DDFD225FC314F000AE003 /* Main.storyboard */ = {
			isa = PBXVariantGroup;
			children = (
				656DDFD325FC314F000AE003 /* Base */,
			);
			name = Main.storyboard;
			sourceTree = "<group>";
		};
		656DDFD725FC3155000AE003 /* LaunchScreen.storyboard */ = {
			isa = PBXVariantGroup;
			children = (
				656DDFD825FC3155000AE003 /* Base */,
			);
			name = LaunchScreen.storyboard;
			sourceTree = "<group>";
		};
/* End PBXVariantGroup section */

/* Begin XCBuildConfiguration section */
		656DDFDB25FC3155000AE003 /* Debug */ = {
			isa = XCBuildConfiguration;
			buildSettings = {
				ALWAYS_SEARCH_USER_PATHS = NO;
				CLANG_ANALYZER_NONNULL = YES;
				CLANG_ANALYZER_NUMBER_OBJECT_CONVERSION = YES_AGGRESSIVE;
				CLANG_CXX_LANGUAGE_STANDARD = "gnu++14";
				CLANG_CXX_LIBRARY = "libc++";
				CLANG_ENABLE_MODULES = YES;
				CLANG_ENABLE_OBJC_ARC = YES;
				CLANG_ENABLE_OBJC_WEAK = YES;
				CLANG_WARN_BLOCK_CAPTURE_AUTORELEASING = YES;
				CLANG_WARN_BOOL_CONVERSION = YES;
				CLANG_WARN_COMMA = YES;
				CLANG_WARN_CONSTANT_CONVERSION = YES;
				CLANG_WARN_DEPRECATED_OBJC_IMPLEMENTATIONS = YES;
				CLANG_WARN_DIRECT_OBJC_ISA_USAGE = YES_ERROR;
				CLANG_WARN_DOCUMENTATION_COMMENTS = YES;
				CLANG_WARN_EMPTY_BODY = YES;
				CLANG_WARN_ENUM_CONVERSION = YES;
				CLANG_WARN_INFINITE_RECURSION = YES;
				CLANG_WARN_INT_CONVERSION = YES;
				CLANG_WARN_NON_LITERAL_NULL_CONVERSION = YES;
				CLANG_WARN_OBJC_IMPLICIT_RETAIN_SELF = YES;
				CLANG_WARN_OBJC_LITERAL_CONVERSION = YES;
				CLANG_WARN_OBJC_ROOT_CLASS = YES_ERROR;
				CLANG_WARN_QUOTED_INCLUDE_IN_FRAMEWORK_HEADER = YES;
				CLANG_WARN_RANGE_LOOP_ANALYSIS = YES;
				CLANG_WARN_STRICT_PROTOTYPES = YES;
				CLANG_WARN_SUSPICIOUS_MOVE = YES;
				CLANG_WARN_UNGUARDED_AVAILABILITY = YES_AGGRESSIVE;
				CLANG_WARN_UNREACHABLE_CODE = YES;
				CLANG_WARN__DUPLICATE_METHOD_MATCH = YES;
				COPY_PHASE_STRIP = NO;
				DEBUG_INFORMATION_FORMAT = dwarf;
				ENABLE_STRICT_OBJC_MSGSEND = YES;
				ENABLE_TESTABILITY = YES;
				GCC_C_LANGUAGE_STANDARD = gnu11;
				GCC_DYNAMIC_NO_PIC = NO;
				GCC_NO_COMMON_BLOCKS = YES;
				GCC_OPTIMIZATION_LEVEL = 0;
				GCC_PREPROCESSOR_DEFINITIONS = (
					"DEBUG=1",
					"$(inherited)",
				);
				GCC_WARN_64_TO_32_BIT_CONVERSION = YES;
				GCC_WARN_ABOUT_RETURN_TYPE = YES_ERROR;
				GCC_WARN_UNDECLARED_SELECTOR = YES;
				GCC_WARN_UNINITIALIZED_AUTOS = YES_AGGRESSIVE;
				GCC_WARN_UNUSED_FUNCTION = YES;
				GCC_WARN_UNUSED_VARIABLE = YES;
				IPHONEOS_DEPLOYMENT_TARGET = 14.3;
				MTL_ENABLE_DEBUG_INFO = INCLUDE_SOURCE;
				MTL_FAST_MATH = YES;
				ONLY_ACTIVE_ARCH = YES;
				SDKROOT = iphoneos;
				SWIFT_ACTIVE_COMPILATION_CONDITIONS = DEBUG;
				SWIFT_OPTIMIZATION_LEVEL = "-Onone";
			};
			name = Debug;
		};
		656DDFDC25FC3155000AE003 /* Release */ = {
			isa = XCBuildConfiguration;
			buildSettings = {
				ALWAYS_SEARCH_USER_PATHS = NO;
				CLANG_ANALYZER_NONNULL = YES;
				CLANG_ANALYZER_NUMBER_OBJECT_CONVERSION = YES_AGGRESSIVE;
				CLANG_CXX_LANGUAGE_STANDARD = "gnu++14";
				CLANG_CXX_LIBRARY = "libc++";
				CLANG_ENABLE_MODULES = YES;
				CLANG_ENABLE_OBJC_ARC = YES;
				CLANG_ENABLE_OBJC_WEAK = YES;
				CLANG_WARN_BLOCK_CAPTURE_AUTORELEASING = YES;
				CLANG_WARN_BOOL_CONVERSION = YES;
				CLANG_WARN_COMMA = YES;
				CLANG_WARN_CONSTANT_CONVERSION = YES;
				CLANG_WARN_DEPRECATED_OBJC_IMPLEMENTATIONS = YES;
				CLANG_WARN_DIRECT_OBJC_ISA_USAGE = YES_ERROR;
				CLANG_WARN_DOCUMENTATION_COMMENTS = YES;
				CLANG_WARN_EMPTY_BODY = YES;
				CLANG_WARN_ENUM_CONVERSION = YES;
				CLANG_WARN_INFINITE_RECURSION = YES;
				CLANG_WARN_INT_CONVERSION = YES;
				CLANG_WARN_NON_LITERAL_NULL_CONVERSION = YES;
				CLANG_WARN_OBJC_IMPLICIT_RETAIN_SELF = YES;
				CLANG_WARN_OBJC_LITERAL_CONVERSION = YES;
				CLANG_WARN_OBJC_ROOT_CLASS = YES_ERROR;
				CLANG_WARN_QUOTED_INCLUDE_IN_FRAMEWORK_HEADER = YES;
				CLANG_WARN_RANGE_LOOP_ANALYSIS = YES;
				CLANG_WARN_STRICT_PROTOTYPES = YES;
				CLANG_WARN_SUSPICIOUS_MOVE = YES;
				CLANG_WARN_UNGUARDED_AVAILABILITY = YES_AGGRESSIVE;
				CLANG_WARN_UNREACHABLE_CODE = YES;
				CLANG_WARN__DUPLICATE_METHOD_MATCH = YES;
				COPY_PHASE_STRIP = NO;
				DEBUG_INFORMATION_FORMAT = "dwarf-with-dsym";
				ENABLE_NS_ASSERTIONS = NO;
				ENABLE_STRICT_OBJC_MSGSEND = YES;
				GCC_C_LANGUAGE_STANDARD = gnu11;
				GCC_NO_COMMON_BLOCKS = YES;
				GCC_WARN_64_TO_32_BIT_CONVERSION = YES;
				GCC_WARN_ABOUT_RETURN_TYPE = YES_ERROR;
				GCC_WARN_UNDECLARED_SELECTOR = YES;
				GCC_WARN_UNINITIALIZED_AUTOS = YES_AGGRESSIVE;
				GCC_WARN_UNUSED_FUNCTION = YES;
				GCC_WARN_UNUSED_VARIABLE = YES;
				IPHONEOS_DEPLOYMENT_TARGET = 14.3;
				MTL_ENABLE_DEBUG_INFO = NO;
				MTL_FAST_MATH = YES;
				SDKROOT = iphoneos;
				SWIFT_COMPILATION_MODE = wholemodule;
				SWIFT_OPTIMIZATION_LEVEL = "-O";
				VALIDATE_PRODUCT = YES;
			};
			name = Release;
		};
		656DDFDE25FC3155000AE003 /* Debug */ = {
			isa = XCBuildConfiguration;
			buildSettings = {
				ASSETCATALOG_COMPILER_APPICON_NAME = AppIcon;
				ASSETCATALOG_COMPILER_GLOBAL_ACCENT_COLOR_NAME = AccentColor;
				CODE_SIGN_STYLE = Automatic;
				INFOPLIST_FILE = Reproductor/Info.plist;
				LD_RUNPATH_SEARCH_PATHS = (
					"$(inherited)",
					"@executable_path/Frameworks",
				);
				PRODUCT_BUNDLE_IDENTIFIER = cev.Reproductor;
				PRODUCT_NAME = "$(TARGET_NAME)";
				SWIFT_VERSION = 5.0;
				TARGETED_DEVICE_FAMILY = "1,2";
			};
			name = Debug;
		};
		656DDFDF25FC3155000AE003 /* Release */ = {
			isa = XCBuildConfiguration;
			buildSettings = {
				ASSETCATALOG_COMPILER_APPICON_NAME = AppIcon;
				ASSETCATALOG_COMPILER_GLOBAL_ACCENT_COLOR_NAME = AccentColor;
				CODE_SIGN_STYLE = Automatic;
				INFOPLIST_FILE = Reproductor/Info.plist;
				LD_RUNPATH_SEARCH_PATHS = (
					"$(inherited)",
					"@executable_path/Frameworks",
				);
				PRODUCT_BUNDLE_IDENTIFIER = cev.Reproductor;
				PRODUCT_NAME = "$(TARGET_NAME)";
				SWIFT_VERSION = 5.0;
				TARGETED_DEVICE_FAMILY = "1,2";
			};
			name = Release;
		};
/* End XCBuildConfiguration section */

/* Begin XCConfigurationList section */
		656DDFC425FC314F000AE003 /* Build configuration list for PBXProject "Reproductor" */ = {
			isa = XCConfigurationList;
			buildConfigurations = (
				656DDFDB25FC3155000AE003 /* Debug */,
				656DDFDC25FC3155000AE003 /* Release */,
			);
			defaultConfigurationIsVisible = 0;
			defaultConfigurationName = Release;
		};
		656DDFDD25FC3155000AE003 /* Build configuration list for PBXNativeTarget "Reproductor" */ = {
			isa = XCConfigurationList;
			buildConfigurations = (
				656DDFDE25FC3155000AE003 /* Debug */,
				656DDFDF25FC3155000AE003 /* Release */,
			);
			defaultConfigurationIsVisible = 0;
			defaultConfigurationName = Release;
		};
/* End XCConfigurationList section */
	};
	rootObject = 656DDFC125FC314F000AE003 /* Project object */;
}
